
Microsoft Visual Studio Solution File, Format Version 12.00
# Visual Studio Version 16
VisualStudioVersion = 16.0.31424.327
MinimumVisualStudioVersion = 10.0.40219.1
Project("{FAE04EC0-301F-11D3-BF4B-00C04F79EFBC}") = "TCPServer", "SendImageClientToServer\TCPServer.csproj", "{62182C1F-278E-4AFD-A995-3C6E983F595E}"
EndProject
Project("{FAE04EC0-301F-11D3-BF4B-00C04F79EFBC}") = "TCPClient", "TCPClient\TCPClient.csproj", "{8F819ECB-DFCC-4293-9E2E-AC5D18A8CC2E}"
EndProject
Global
	GlobalSection(SolutionConfigurationPlatforms) = preSolution
		Debug|Any CPU = Debug|Any CPU
		Release|Any CPU = Release|Any CPU
	EndGlobalSection
	GlobalSection(ProjectConfigurationPlatforms) = postSolution
		{62182C1F-278E-4AFD-A995-3C6E983F595E}.Debug|Any CPU.ActiveCfg = Debug|Any CPU
		{62182C1F-278E-4AFD-A995-3C6E983F595E}.Debug|Any CPU.Build.0 = Debug|Any CPU
		{62182C1F-278E-4AFD-A995-3C6E983F595E}.Release|Any CPU.ActiveCfg = Release|Any CPU
		{62182C1F-278E-4AFD-A995-3C6E983F595E}.Release|Any CPU.Build.0 = Release|Any CPU
		{8F819ECB-DFCC-4293-9E2E-AC5D18A8CC2E}.Debug|Any CPU.ActiveCfg = Debug|Any CPU
		{8F819ECB-DFCC-4293-9E2E-AC5D18A8CC2E}.Debug|Any CPU.Build.0 = Debug|Any CPU
		{8F819ECB-DFCC-4293-9E2E-AC5D18A8CC2E}.Release|Any CPU.ActiveCfg = Release|Any CPU
		{8F819ECB-DFCC-4293-9E2E-AC5D18A8CC2E}.Release|Any CPU.Build.0 = Release|Any CPU
	EndGlobalSection
	GlobalSection(SolutionProperties) = preSolution
		HideSolutionNode = FALSE
	EndGlobalSection
	GlobalSection(ExtensibilityGlobals) = postSolution
		SolutionGuid = {6584FE7B-EE70-4C57-89B3-5C4EFA326D5B}
	EndGlobalSection
EndGlobal
